<?xml version="1.0" encoding="utf-8"?>
<Project ToolsVersion="4.0" xmlns="http://schemas.microsoft.com/developer/msbuild/2003">
  <ItemGroup>
    <ClCompile Include="main.cpp" />
    <ClCompile Include="interface.cpp">
      <Filter>interface</Filter>
    </ClCompile>
    <ClCompile Include="sprites.cpp">
      <Filter>interface\renderer</Filter>
    </ClCompile>
    <ClCompile Include="d3d.cpp">
      <Filter>interface\renderer</Filter>
    </ClCompile>
    <ClCompile Include="ui.cpp">
      <Filter>interface\ui</Filter>
    </ClCompile>
    <ClCompile Include="button.cpp">
      <Filter>interface\ui\controls</Filter>
    </ClCompile>
    <ClCompile Include="game_selector.cpp">
      <Filter>interface\ui\controls</Filter>
    </ClCompile>
    <ClCompile Include="group_box.cpp">
      <Filter>interface\ui\controls</Filter>
    </ClCompile>
    <ClCompile Include="util_box.cpp">
      <Filter>interface\ui\controls</Filter>
    </ClCompile>
  </ItemGroup>
  <ItemGroup>
    <ClInclude Include="util.h" />
    <ClInclude Include="csgo_icon.hpp">
      <Filter>resources</Filter>
    </ClInclude>
    <ClInclude Include="interface.h">
      <Filter>interface</Filter>
    </ClInclude>
    <ClInclude Include="globals.h" />
    <ClInclude Include="resource.h" />
    <ClInclude Include="d3d.h">
      <Filter>interface\renderer</Filter>
    </ClInclude>
    <ClInclude Include="ui.h">
      <Filter>interface\ui</Filter>
    </ClInclude>
  </ItemGroup>
  <ItemGroup>
    <Filter Include="resources">
      <UniqueIdentifier>{e971f24e-86d1-4f0f-bcf9-984da56bbf9a}</UniqueIdentifier>
    </Filter>
    <Filter Include="interface">
      <UniqueIdentifier>{1e3ef9c3-dcad-4a6e-928a-942636c4d466}</UniqueIdentifier>
    </Filter>
    <Filter Include="interface\ui">
      <UniqueIdentifier>{10af7fdc-6480-473b-b686-dcaefe2080be}</UniqueIdentifier>
    </Filter>
    <Filter Include="interface\renderer">
      <UniqueIdentifier>{63f4818e-60f6-4feb-8487-96cf9f30672f}</UniqueIdentifier>
    </Filter>
    <Filter Include="interface\ui\controls">
      <UniqueIdentifier>{3dce9dc7-7fa1-4c50-91c2-21cc0848c4e8}</UniqueIdentifier>
    </Filter>
  </ItemGroup>
  <ItemGroup>
    <ResourceCompile Include="eblenix_injector.rc" />
  </ItemGroup>
  <ItemGroup>
    <Image Include="icon.ico" />
  </ItemGroup>
</Project>