<?xml version="1.0" encoding="utf-8"?>
<Project ToolsVersion="4.0" xmlns="http://schemas.microsoft.com/developer/msbuild/2003">
  <ItemGroup>
    <ClCompile Include="main.cpp" />
    <ClCompile Include="interface.cpp">
      <Filter>interface</Filter>
    </ClCompile>
    <ClCompile Include="ui.cpp">
      <Filter>interface\ui</Filter>
    </ClCompile>
    <ClCompile Include="renderer.cpp">
      <Filter>interface\renderer</Filter>
    </ClCompile>
    <ClCompile Include="font.cpp">
      <Filter>interface\renderer</Filter>
    </ClCompile>
    <ClCompile Include="button.cpp">
      <Filter>interface\ui\controls</Filter>
    </ClCompile>
  </ItemGroup>
  <ItemGroup>
    <ClInclude Include="util.h" />
    <ClInclude Include="interface.h">
      <Filter>interface</Filter>
    </ClInclude>
    <ClInclude Include="resource.h" />
    <ClInclude Include="ui.h">
      <Filter>interface\ui</Filter>
    </ClInclude>
    <ClInclude Include="renderer.h">
      <Filter>interface\renderer</Filter>
    </ClInclude>
  </ItemGroup>
  <ItemGroup>
    <Filter Include="interface">
      <UniqueIdentifier>{1e3ef9c3-dcad-4a6e-928a-942636c4d466}</UniqueIdentifier>
    </Filter>
    <Filter Include="interface\ui">
      <UniqueIdentifier>{435a00c8-ea0c-49c4-9f68-ee668f14a3dd}</UniqueIdentifier>
    </Filter>
    <Filter Include="interface\renderer">
      <UniqueIdentifier>{9b158cb3-e3bc-48d0-b797-fd144c215873}</UniqueIdentifier>
    </Filter>
    <Filter Include="interface\ui\controls">
      <UniqueIdentifier>{d39302d8-419b-4a53-9fcb-a2d4ccbf134b}</UniqueIdentifier>
    </Filter>
  </ItemGroup>
  <ItemGroup>
    <ResourceCompile Include="eblenix_injector.rc" />
  </ItemGroup>
  <ItemGroup>
    <Image Include="icon.ico" />
  </ItemGroup>
</Project>